
Microsoft Visual Studio Solution File, Format Version 12.00
# Visual Studio Version 17
VisualStudioVersion = 17.8.34322.80
MinimumVisualStudioVersion = 10.0.40219.1
Project("{FAE04EC0-301F-11D3-BF4B-00C04F79EFBC}") = "LeaveManagementSystem.Web", "LeaveManagementSystem.Web\LeaveManagementSystem.Web.csproj", "{7F1B0627-026C-457A-B777-8653C3879908}"
EndProject
Global
	GlobalSection(SolutionConfigurationPlatforms) = preSolution
		Debug|Any CPU = Debug|Any CPU
		Release|Any CPU = Release|Any CPU
	EndGlobalSection
	GlobalSection(ProjectConfigurationPlatforms) = postSolution
		{7F1B0627-026C-457A-B777-8653C3879908}.Debug|Any CPU.ActiveCfg = Debug|Any CPU
		{7F1B0627-026C-457A-B777-8653C3879908}.Debug|Any CPU.Build.0 = Debug|Any CPU
		{7F1B0627-026C-457A-B777-8653C3879908}.Release|Any CPU.ActiveCfg = Release|Any CPU
		{7F1B0627-026C-457A-B777-8653C3879908}.Release|Any CPU.Build.0 = Release|Any CPU
	EndGlobalSection
	GlobalSection(SolutionProperties) = preSolution
		HideSolutionNode = FALSE
	EndGlobalSection
	GlobalSection(ExtensibilityGlobals) = postSolution
		SolutionGuid = {2264F3AE-1166-484F-B408-50404AB9AA98}
	EndGlobalSection
EndGlobal
